// !$*UTF8*$!
{
	archiveVersion = 1;
	classes = {
	};
	objectVersion = 56;
	objects = {

/* Begin PBXBuildFile section */
		6FBA5E402B982DFA00DECC64 /* CLLocationExtensions.swift in Sources */ = {isa = PBXBuildFile; fileRef = 6FBA5E3F2B982DFA00DECC64 /* CLLocationExtensions.swift */; };
		6FBA5E432B982E6600DECC64 /* PlacesTableViewController.swift in Sources */ = {isa = PBXBuildFile; fileRef = 6FBA5E422B982E6600DECC64 /* PlacesTableViewController.swift */; };
		6FBA5E462B9839A400DECC64 /* PlaceAnnotation.swift in Sources */ = {isa = PBXBuildFile; fileRef = 6FBA5E452B9839A400DECC64 /* PlaceAnnotation.swift */; };
		6FBA5E482B999A8700DECC64 /* PlaceDetailViewController.swift in Sources */ = {isa = PBXBuildFile; fileRef = 6FBA5E472B999A8700DECC64 /* PlaceDetailViewController.swift */; };
		6FBA5E4A2B99B5B900DECC64 /* String+Extensions.swift in Sources */ = {isa = PBXBuildFile; fileRef = 6FBA5E492B99B5B900DECC64 /* String+Extensions.swift */; };
		6FDF768D2B90CAB000BE48DB /* AppDelegate.swift in Sources */ = {isa = PBXBuildFile; fileRef = 6FDF768C2B90CAB000BE48DB /* AppDelegate.swift */; };
		6FDF768F2B90CAB000BE48DB /* SceneDelegate.swift in Sources */ = {isa = PBXBuildFile; fileRef = 6FDF768E2B90CAB000BE48DB /* SceneDelegate.swift */; };
		6FDF76912B90CAB000BE48DB /* ViewController.swift in Sources */ = {isa = PBXBuildFile; fileRef = 6FDF76902B90CAB000BE48DB /* ViewController.swift */; };
		6FDF76962B90CAB500BE48DB /* Assets.xcassets in Resources */ = {isa = PBXBuildFile; fileRef = 6FDF76952B90CAB500BE48DB /* Assets.xcassets */; };
		6FDF76992B90CAB500BE48DB /* LaunchScreen.storyboard in Resources */ = {isa = PBXBuildFile; fileRef = 6FDF76972B90CAB500BE48DB /* LaunchScreen.storyboard */; };
/* End PBXBuildFile section */

/* Begin PBXFileReference section */
		6FBA5E3F2B982DFA00DECC64 /* CLLocationExtensions.swift */ = {isa = PBXFileReference; lastKnownFileType = sourcecode.swift; path = CLLocationExtensions.swift; sourceTree = "<group>"; };
		6FBA5E422B982E6600DECC64 /* PlacesTableViewController.swift */ = {isa = PBXFileReference; lastKnownFileType = sourcecode.swift; path = PlacesTableViewController.swift; sourceTree = "<group>"; };
		6FBA5E452B9839A400DECC64 /* PlaceAnnotation.swift */ = {isa = PBXFileReference; lastKnownFileType = sourcecode.swift; path = PlaceAnnotation.swift; sourceTree = "<group>"; };
		6FBA5E472B999A8700DECC64 /* PlaceDetailViewController.swift */ = {isa = PBXFileReference; lastKnownFileType = sourcecode.swift; path = PlaceDetailViewController.swift; sourceTree = "<group>"; };
		6FBA5E492B99B5B900DECC64 /* String+Extensions.swift */ = {isa = PBXFileReference; lastKnownFileType = sourcecode.swift; path = "String+Extensions.swift"; sourceTree = "<group>"; };
		6FDF76892B90CAB000BE48DB /* NearMe.app */ = {isa = PBXFileReference; explicitFileType = wrapper.application; includeInIndex = 0; path = NearMe.app; sourceTree = BUILT_PRODUCTS_DIR; };
		6FDF768C2B90CAB000BE48DB /* AppDelegate.swift */ = {isa = PBXFileReference; lastKnownFileType = sourcecode.swift; path = AppDelegate.swift; sourceTree = "<group>"; };
		6FDF768E2B90CAB000BE48DB /* SceneDelegate.swift */ = {isa = PBXFileReference; lastKnownFileType = sourcecode.swift; path = SceneDelegate.swift; sourceTree = "<group>"; };
		6FDF76902B90CAB000BE48DB /* ViewController.swift */ = {isa = PBXFileReference; lastKnownFileType = sourcecode.swift; path = ViewController.swift; sourceTree = "<group>"; };
		6FDF76952B90CAB500BE48DB /* Assets.xcassets */ = {isa = PBXFileReference; lastKnownFileType = folder.assetcatalog; path = Assets.xcassets; sourceTree = "<group>"; };
		6FDF76982B90CAB500BE48DB /* Base */ = {isa = PBXFileReference; lastKnownFileType = file.storyboard; name = Base; path = Base.lproj/LaunchScreen.storyboard; sourceTree = "<group>"; };
		6FDF769A2B90CAB500BE48DB /* Info.plist */ = {isa = PBXFileReference; lastKnownFileType = text.plist.xml; path = Info.plist; sourceTree = "<group>"; };
/* End PBXFileReference section */

/* Begin PBXFrameworksBuildPhase section */
		6FDF76862B90CAB000BE48DB /* Frameworks */ = {
			isa = PBXFrameworksBuildPhase;
			buildActionMask = 2147483647;
			files = (
			);
			runOnlyForDeploymentPostprocessing = 0;
		};
/* End PBXFrameworksBuildPhase section */

/* Begin PBXGroup section */
		6FBA5E3E2B982D8100DECC64 /* Extensions */ = {
			isa = PBXGroup;
			children = (
				6FBA5E3F2B982DFA00DECC64 /* CLLocationExtensions.swift */,
				6FBA5E492B99B5B900DECC64 /* String+Extensions.swift */,
			);
			path = Extensions;
			sourceTree = "<group>";
		};
		6FBA5E412B982E1800DECC64 /* Controllers */ = {
			isa = PBXGroup;
			children = (
				6FBA5E422B982E6600DECC64 /* PlacesTableViewController.swift */,
				6FBA5E472B999A8700DECC64 /* PlaceDetailViewController.swift */,
			);
			path = Controllers;
			sourceTree = "<group>";
		};
		6FBA5E442B98354400DECC64 /* Annotations */ = {
			isa = PBXGroup;
			children = (
				6FBA5E452B9839A400DECC64 /* PlaceAnnotation.swift */,
			);
			path = Annotations;
			sourceTree = "<group>";
		};
		6FDF76802B90CAB000BE48DB = {
			isa = PBXGroup;
			children = (
				6FDF768B2B90CAB000BE48DB /* NearMe */,
				6FDF768A2B90CAB000BE48DB /* Products */,
			);
			sourceTree = "<group>";
		};
		6FDF768A2B90CAB000BE48DB /* Products */ = {
			isa = PBXGroup;
			children = (
				6FDF76892B90CAB000BE48DB /* NearMe.app */,
			);
			name = Products;
			sourceTree = "<group>";
		};
		6FDF768B2B90CAB000BE48DB /* NearMe */ = {
			isa = PBXGroup;
			children = (
				6FBA5E412B982E1800DECC64 /* Controllers */,
				6FBA5E3E2B982D8100DECC64 /* Extensions */,
				6FDF768C2B90CAB000BE48DB /* AppDelegate.swift */,
				6FDF768E2B90CAB000BE48DB /* SceneDelegate.swift */,
				6FDF76902B90CAB000BE48DB /* ViewController.swift */,
				6FBA5E442B98354400DECC64 /* Annotations */,
				6FDF76952B90CAB500BE48DB /* Assets.xcassets */,
				6FDF76972B90CAB500BE48DB /* LaunchScreen.storyboard */,
				6FDF769A2B90CAB500BE48DB /* Info.plist */,
			);
			path = NearMe;
			sourceTree = "<group>";
		};
/* End PBXGroup section */

/* Begin PBXNativeTarget section */
		6FDF76882B90CAB000BE48DB /* NearMe */ = {
			isa = PBXNativeTarget;
			buildConfigurationList = 6FDF769D2B90CAB500BE48DB /* Build configuration list for PBXNativeTarget "NearMe" */;
			buildPhases = (
				6FDF76852B90CAB000BE48DB /* Sources */,
				6FDF76862B90CAB000BE48DB /* Frameworks */,
				6FDF76872B90CAB000BE48DB /* Resources */,
			);
			buildRules = (
			);
			dependencies = (
			);
			name = NearMe;
			productName = NearMe;
			productReference = 6FDF76892B90CAB000BE48DB /* NearMe.app */;
			productType = "com.apple.product-type.application";
		};
/* End PBXNativeTarget section */

/* Begin PBXProject section */
		6FDF76812B90CAB000BE48DB /* Project object */ = {
			isa = PBXProject;
			attributes = {
				BuildIndependentTargetsInParallel = 1;
				LastSwiftUpdateCheck = 1500;
				LastUpgradeCheck = 1500;
				TargetAttributes = {
					6FDF76882B90CAB000BE48DB = {
						CreatedOnToolsVersion = 15.0;
					};
				};
			};
			buildConfigurationList = 6FDF76842B90CAB000BE48DB /* Build configuration list for PBXProject "NearMe" */;
			compatibilityVersion = "Xcode 14.0";
			developmentRegion = en;
			hasScannedForEncodings = 0;
			knownRegions = (
				en,
				Base,
			);
			mainGroup = 6FDF76802B90CAB000BE48DB;
			productRefGroup = 6FDF768A2B90CAB000BE48DB /* Products */;
			projectDirPath = "";
			projectRoot = "";
			targets = (
				6FDF76882B90CAB000BE48DB /* NearMe */,
			);
		};
/* End PBXProject section */

/* Begin PBXResourcesBuildPhase section */
		6FDF76872B90CAB000BE48DB /* Resources */ = {
			isa = PBXResourcesBuildPhase;
			buildActionMask = 2147483647;
			files = (
				6FDF76992B90CAB500BE48DB /* LaunchScreen.storyboard in Resources */,
				6FDF76962B90CAB500BE48DB /* Assets.xcassets in Resources */,
			);
			runOnlyForDeploymentPostprocessing = 0;
		};
/* End PBXResourcesBuildPhase section */

/* Begin PBXSourcesBuildPhase section */
		6FDF76852B90CAB000BE48DB /* Sources */ = {
			isa = PBXSourcesBuildPhase;
			buildActionMask = 2147483647;
			files = (
				6FDF76912B90CAB000BE48DB /* ViewController.swift in Sources */,
				6FBA5E402B982DFA00DECC64 /* CLLocationExtensions.swift in Sources */,
				6FBA5E482B999A8700DECC64 /* PlaceDetailViewController.swift in Sources */,
				6FDF768D2B90CAB000BE48DB /* AppDelegate.swift in Sources */,
				6FBA5E4A2B99B5B900DECC64 /* String+Extensions.swift in Sources */,
				6FDF768F2B90CAB000BE48DB /* SceneDelegate.swift in Sources */,
				6FBA5E462B9839A400DECC64 /* PlaceAnnotation.swift in Sources */,
				6FBA5E432B982E6600DECC64 /* PlacesTableViewController.swift in Sources */,
			);
			runOnlyForDeploymentPostprocessing = 0;
		};
/* End PBXSourcesBuildPhase section */

/* Begin PBXVariantGroup section */
		6FDF76972B90CAB500BE48DB /* LaunchScreen.storyboard */ = {
			isa = PBXVariantGroup;
			children = (
				6FDF76982B90CAB500BE48DB /* Base */,
			);
			name = LaunchScreen.storyboard;
			sourceTree = "<group>";
		};
/* End PBXVariantGroup section */

/* Begin XCBuildConfiguration section */
		6FDF769B2B90CAB500BE48DB /* Debug */ = {
			isa = XCBuildConfiguration;
			buildSettings = {
				ALWAYS_SEARCH_USER_PATHS = NO;
				ASSETCATALOG_COMPILER_GENERATE_SWIFT_ASSET_SYMBOL_EXTENSIONS = YES;
				CLANG_ANALYZER_NONNULL = YES;
				CLANG_ANALYZER_NUMBER_OBJECT_CONVERSION = YES_AGGRESSIVE;
				CLANG_CXX_LANGUAGE_STANDARD = "gnu++20";
				CLANG_ENABLE_MODULES = YES;
				CLANG_ENABLE_OBJC_ARC = YES;
				CLANG_ENABLE_OBJC_WEAK = YES;
				CLANG_WARN_BLOCK_CAPTURE_AUTORELEASING = YES;
				CLANG_WARN_BOOL_CONVERSION = YES;
				CLANG_WARN_COMMA = YES;
				CLANG_WARN_CONSTANT_CONVERSION = YES;
				CLANG_WARN_DEPRECATED_OBJC_IMPLEMENTATIONS = YES;
				CLANG_WARN_DIRECT_OBJC_ISA_USAGE = YES_ERROR;
				CLANG_WARN_DOCUMENTATION_COMMENTS = YES;
				CLANG_WARN_EMPTY_BODY = YES;
				CLANG_WARN_ENUM_CONVERSION = YES;
				CLANG_WARN_INFINITE_RECURSION = YES;
				CLANG_WARN_INT_CONVERSION = YES;
				CLANG_WARN_NON_LITERAL_NULL_CONVERSION = YES;
				CLANG_WARN_OBJC_IMPLICIT_RETAIN_SELF = YES;
				CLANG_WARN_OBJC_LITERAL_CONVERSION = YES;
				CLANG_WARN_OBJC_ROOT_CLASS = YES_ERROR;
				CLANG_WARN_QUOTED_INCLUDE_IN_FRAMEWORK_HEADER = YES;
				CLANG_WARN_RANGE_LOOP_ANALYSIS = YES;
				CLANG_WARN_STRICT_PROTOTYPES = YES;
				CLANG_WARN_SUSPICIOUS_MOVE = YES;
				CLANG_WARN_UNGUARDED_AVAILABILITY = YES_AGGRESSIVE;
				CLANG_WARN_UNREACHABLE_CODE = YES;
				CLANG_WARN__DUPLICATE_METHOD_MATCH = YES;
				COPY_PHASE_STRIP = NO;
				DEBUG_INFORMATION_FORMAT = dwarf;
				ENABLE_STRICT_OBJC_MSGSEND = YES;
				ENABLE_TESTABILITY = YES;
				ENABLE_USER_SCRIPT_SANDBOXING = YES;
				GCC_C_LANGUAGE_STANDARD = gnu17;
				GCC_DYNAMIC_NO_PIC = NO;
				GCC_NO_COMMON_BLOCKS = YES;
				GCC_OPTIMIZATION_LEVEL = 0;
				GCC_PREPROCESSOR_DEFINITIONS = (
					"DEBUG=1",
					"$(inherited)",
				);
				GCC_WARN_64_TO_32_BIT_CONVERSION = YES;
				GCC_WARN_ABOUT_RETURN_TYPE = YES_ERROR;
				GCC_WARN_UNDECLARED_SELECTOR = YES;
				GCC_WARN_UNINITIALIZED_AUTOS = YES_AGGRESSIVE;
				GCC_WARN_UNUSED_FUNCTION = YES;
				GCC_WARN_UNUSED_VARIABLE = YES;
				IPHONEOS_DEPLOYMENT_TARGET = 17.0;
				LOCALIZATION_PREFERS_STRING_CATALOGS = YES;
				MTL_ENABLE_DEBUG_INFO = INCLUDE_SOURCE;
				MTL_FAST_MATH = YES;
				ONLY_ACTIVE_ARCH = YES;
				SDKROOT = iphoneos;
				SWIFT_ACTIVE_COMPILATION_CONDITIONS = "DEBUG $(inherited)";
				SWIFT_OPTIMIZATION_LEVEL = "-Onone";
			};
			name = Debug;
		};
		6FDF769C2B90CAB500BE48DB /* Release */ = {
			isa = XCBuildConfiguration;
			buildSettings = {
				ALWAYS_SEARCH_USER_PATHS = NO;
				ASSETCATALOG_COMPILER_GENERATE_SWIFT_ASSET_SYMBOL_EXTENSIONS = YES;
				CLANG_ANALYZER_NONNULL = YES;
				CLANG_ANALYZER_NUMBER_OBJECT_CONVERSION = YES_AGGRESSIVE;
				CLANG_CXX_LANGUAGE_STANDARD = "gnu++20";
				CLANG_ENABLE_MODULES = YES;
				CLANG_ENABLE_OBJC_ARC = YES;
				CLANG_ENABLE_OBJC_WEAK = YES;
				CLANG_WARN_BLOCK_CAPTURE_AUTORELEASING = YES;
				CLANG_WARN_BOOL_CONVERSION = YES;
				CLANG_WARN_COMMA = YES;
				CLANG_WARN_CONSTANT_CONVERSION = YES;
				CLANG_WARN_DEPRECATED_OBJC_IMPLEMENTATIONS = YES;
				CLANG_WARN_DIRECT_OBJC_ISA_USAGE = YES_ERROR;
				CLANG_WARN_DOCUMENTATION_COMMENTS = YES;
				CLANG_WARN_EMPTY_BODY = YES;
				CLANG_WARN_ENUM_CONVERSION = YES;
				CLANG_WARN_INFINITE_RECURSION = YES;
				CLANG_WARN_INT_CONVERSION = YES;
				CLANG_WARN_NON_LITERAL_NULL_CONVERSION = YES;
				CLANG_WARN_OBJC_IMPLICIT_RETAIN_SELF = YES;
				CLANG_WARN_OBJC_LITERAL_CONVERSION = YES;
				CLANG_WARN_OBJC_ROOT_CLASS = YES_ERROR;
				CLANG_WARN_QUOTED_INCLUDE_IN_FRAMEWORK_HEADER = YES;
				CLANG_WARN_RANGE_LOOP_ANALYSIS = YES;
				CLANG_WARN_STRICT_PROTOTYPES = YES;
				CLANG_WARN_SUSPICIOUS_MOVE = YES;
				CLANG_WARN_UNGUARDED_AVAILABILITY = YES_AGGRESSIVE;
				CLANG_WARN_UNREACHABLE_CODE = YES;
				CLANG_WARN__DUPLICATE_METHOD_MATCH = YES;
				COPY_PHASE_STRIP = NO;
				DEBUG_INFORMATION_FORMAT = "dwarf-with-dsym";
				ENABLE_NS_ASSERTIONS = NO;
				ENABLE_STRICT_OBJC_MSGSEND = YES;
				ENABLE_USER_SCRIPT_SANDBOXING = YES;
				GCC_C_LANGUAGE_STANDARD = gnu17;
				GCC_NO_COMMON_BLOCKS = YES;
				GCC_WARN_64_TO_32_BIT_CONVERSION = YES;
				GCC_WARN_ABOUT_RETURN_TYPE = YES_ERROR;
				GCC_WARN_UNDECLARED_SELECTOR = YES;
				GCC_WARN_UNINITIALIZED_AUTOS = YES_AGGRESSIVE;
				GCC_WARN_UNUSED_FUNCTION = YES;
				GCC_WARN_UNUSED_VARIABLE = YES;
				IPHONEOS_DEPLOYMENT_TARGET = 17.0;
				LOCALIZATION_PREFERS_STRING_CATALOGS = YES;
				MTL_ENABLE_DEBUG_INFO = NO;
				MTL_FAST_MATH = YES;
				SDKROOT = iphoneos;
				SWIFT_COMPILATION_MODE = wholemodule;
				VALIDATE_PRODUCT = YES;
			};
			name = Release;
		};
		6FDF769E2B90CAB500BE48DB /* Debug */ = {
			isa = XCBuildConfiguration;
			buildSettings = {
				ASSETCATALOG_COMPILER_APPICON_NAME = AppIcon;
				ASSETCATALOG_COMPILER_GLOBAL_ACCENT_COLOR_NAME = AccentColor;
				CODE_SIGN_STYLE = Automatic;
				CURRENT_PROJECT_VERSION = 1;
				DEVELOPMENT_TEAM = L765ZY934H;
				GENERATE_INFOPLIST_FILE = YES;
				INFOPLIST_FILE = NearMe/Info.plist;
				INFOPLIST_KEY_NSLocationAlwaysAndWhenInUseUsageDescription = "NearMe requires locaion so i can offernearby points of interests";
				INFOPLIST_KEY_NSLocationWhenInUseUsageDescription = "NearMe requires locaion so i can offernearby points of interests";
				INFOPLIST_KEY_UIApplicationSupportsIndirectInputEvents = YES;
				INFOPLIST_KEY_UILaunchStoryboardName = LaunchScreen;
				INFOPLIST_KEY_UISupportedInterfaceOrientations_iPad = "UIInterfaceOrientationPortrait UIInterfaceOrientationPortraitUpsideDown UIInterfaceOrientationLandscapeLeft UIInterfaceOrientationLandscapeRight";
				INFOPLIST_KEY_UISupportedInterfaceOrientations_iPhone = "UIInterfaceOrientationPortrait UIInterfaceOrientationLandscapeLeft UIInterfaceOrientationLandscapeRight";
				LD_RUNPATH_SEARCH_PATHS = (
					"$(inherited)",
					"@executable_path/Frameworks",
				);
				MARKETING_VERSION = 1.0;
				PRODUCT_BUNDLE_IDENTIFIER = rohit.NearMe;
				PRODUCT_NAME = "$(TARGET_NAME)";
				SWIFT_EMIT_LOC_STRINGS = YES;
				SWIFT_VERSION = 5.0;
				TARGETED_DEVICE_FAMILY = "1,2";
			};
			name = Debug;
		};
		6FDF769F2B90CAB500BE48DB /* Release */ = {
			isa = XCBuildConfiguration;
			buildSettings = {
				ASSETCATALOG_COMPILER_APPICON_NAME = AppIcon;
				ASSETCATALOG_COMPILER_GLOBAL_ACCENT_COLOR_NAME = AccentColor;
				CODE_SIGN_STYLE = Automatic;
				CURRENT_PROJECT_VERSION = 1;
				DEVELOPMENT_TEAM = L765ZY934H;
				GENERATE_INFOPLIST_FILE = YES;
				INFOPLIST_FILE = NearMe/Info.plist;
				INFOPLIST_KEY_NSLocationAlwaysAndWhenInUseUsageDescription = "NearMe requires locaion so i can offernearby points of interests";
				INFOPLIST_KEY_NSLocationWhenInUseUsageDescription = "NearMe requires locaion so i can offernearby points of interests";
				INFOPLIST_KEY_UIApplicationSupportsIndirectInputEvents = YES;
				INFOPLIST_KEY_UILaunchStoryboardName = LaunchScreen;
				INFOPLIST_KEY_UISupportedInterfaceOrientations_iPad = "UIInterfaceOrientationPortrait UIInterfaceOrientationPortraitUpsideDown UIInterfaceOrientationLandscapeLeft UIInterfaceOrientationLandscapeRight";
				INFOPLIST_KEY_UISupportedInterfaceOrientations_iPhone = "UIInterfaceOrientationPortrait UIInterfaceOrientationLandscapeLeft UIInterfaceOrientationLandscapeRight";
				LD_RUNPATH_SEARCH_PATHS = (
					"$(inherited)",
					"@executable_path/Frameworks",
				);
				MARKETING_VERSION = 1.0;
				PRODUCT_BUNDLE_IDENTIFIER = rohit.NearMe;
				PRODUCT_NAME = "$(TARGET_NAME)";
				SWIFT_EMIT_LOC_STRINGS = YES;
				SWIFT_VERSION = 5.0;
				TARGETED_DEVICE_FAMILY = "1,2";
			};
			name = Release;
		};
/* End XCBuildConfiguration section */

/* Begin XCConfigurationList section */
		6FDF76842B90CAB000BE48DB /* Build configuration list for PBXProject "NearMe" */ = {
			isa = XCConfigurationList;
			buildConfigurations = (
				6FDF769B2B90CAB500BE48DB /* Debug */,
				6FDF769C2B90CAB500BE48DB /* Release */,
			);
			defaultConfigurationIsVisible = 0;
			defaultConfigurationName = Release;
		};
		6FDF769D2B90CAB500BE48DB /* Build configuration list for PBXNativeTarget "NearMe" */ = {
			isa = XCConfigurationList;
			buildConfigurations = (
				6FDF769E2B90CAB500BE48DB /* Debug */,
				6FDF769F2B90CAB500BE48DB /* Release */,
			);
			defaultConfigurationIsVisible = 0;
			defaultConfigurationName = Release;
		};
/* End XCConfigurationList section */
	};
	rootObject = 6FDF76812B90CAB000BE48DB /* Project object */;
}
